
Microsoft Visual Studio Solution File, Format Version 12.00
# Visual Studio Version 17
VisualStudioVersion = 17.13.35931.197 d17.13
MinimumVisualStudioVersion = 10.0.40219.1
Project("{FAE04EC0-301F-11D3-BF4B-00C04F79EFBC}") = "SSELexTranslatorCore", "SSELexTranslatorCore\SSELexTranslatorCore.csproj", "{8EFA3312-CB9C-4A3A-9F96-384A141A4625}"
EndProject
Global
	GlobalSection(SolutionConfigurationPlatforms) = preSolution
		Debug|Any CPU = Debug|Any CPU
		Release|Any CPU = Release|Any CPU
	EndGlobalSection
	GlobalSection(ProjectConfigurationPlatforms) = postSolution
		{8EFA3312-CB9C-4A3A-9F96-384A141A4625}.Debug|Any CPU.ActiveCfg = Debug|Any CPU
		{8EFA3312-CB9C-4A3A-9F96-384A141A4625}.Debug|Any CPU.Build.0 = Debug|Any CPU
		{8EFA3312-CB9C-4A3A-9F96-384A141A4625}.Release|Any CPU.ActiveCfg = Release|Any CPU
		{8EFA3312-CB9C-4A3A-9F96-384A141A4625}.Release|Any CPU.Build.0 = Release|Any CPU
	EndGlobalSection
	GlobalSection(SolutionProperties) = preSolution
		HideSolutionNode = FALSE
	EndGlobalSection
	GlobalSection(ExtensibilityGlobals) = postSolution
		SolutionGuid = {A010A0A5-1D4C-47C0-81FD-7AEB1695478F}
	EndGlobalSection
EndGlobal
